
Microsoft Visual Studio Solution File, Format Version 12.00
# Visual Studio 15
VisualStudioVersion = 15.0.28307.1231
MinimumVisualStudioVersion = 10.0.40219.1
Project("{FAE04EC0-301F-11D3-BF4B-00C04F79EFBC}") = "Homework. Array", "Homework. Array\Homework. Array.csproj", "{50D9110F-7CB3-4FA5-AE95-42494B429DC2}"
EndProject
Project("{FAE04EC0-301F-11D3-BF4B-00C04F79EFBC}") = "Homework.Task2", "Homework.Task2\Homework.Task2.csproj", "{0A6133A7-BF43-40C1-8483-34A4E1E953A1}"
EndProject
Global
	GlobalSection(SolutionConfigurationPlatforms) = preSolution
		Debug|Any CPU = Debug|Any CPU
		Release|Any CPU = Release|Any CPU
	EndGlobalSection
	GlobalSection(ProjectConfigurationPlatforms) = postSolution
		{50D9110F-7CB3-4FA5-AE95-42494B429DC2}.Debug|Any CPU.ActiveCfg = Debug|Any CPU
		{50D9110F-7CB3-4FA5-AE95-42494B429DC2}.Debug|Any CPU.Build.0 = Debug|Any CPU
		{50D9110F-7CB3-4FA5-AE95-42494B429DC2}.Release|Any CPU.ActiveCfg = Release|Any CPU
		{50D9110F-7CB3-4FA5-AE95-42494B429DC2}.Release|Any CPU.Build.0 = Release|Any CPU
		{0A6133A7-BF43-40C1-8483-34A4E1E953A1}.Debug|Any CPU.ActiveCfg = Debug|Any CPU
		{0A6133A7-BF43-40C1-8483-34A4E1E953A1}.Debug|Any CPU.Build.0 = Debug|Any CPU
		{0A6133A7-BF43-40C1-8483-34A4E1E953A1}.Release|Any CPU.ActiveCfg = Release|Any CPU
		{0A6133A7-BF43-40C1-8483-34A4E1E953A1}.Release|Any CPU.Build.0 = Release|Any CPU
	EndGlobalSection
	GlobalSection(SolutionProperties) = preSolution
		HideSolutionNode = FALSE
	EndGlobalSection
	GlobalSection(ExtensibilityGlobals) = postSolution
		SolutionGuid = {18A6A5E1-8F6A-4B82-86AD-1697DEF3FE3F}
	EndGlobalSection
EndGlobal
